
Microsoft Visual Studio Solution File, Format Version 12.00
# Visual Studio 15
Project("{FAE04EC0-301F-11D3-BF4B-00C04F79EFBC}") = "molde-4fichas", "Assembly-CSharp.csproj", "{D231E10A-B28D-0065-C955-59392481CA66}"
EndProject
Global
	GlobalSection(SolutionConfigurationPlatforms) = preSolution
		Debug|Any CPU = Debug|Any CPU
		Release|Any CPU = Release|Any CPU
	EndGlobalSection
	GlobalSection(ProjectConfigurationPlatforms) = postSolution
		{D231E10A-B28D-0065-C955-59392481CA66}.Debug|Any CPU.ActiveCfg = Debug|Any CPU
		{D231E10A-B28D-0065-C955-59392481CA66}.Debug|Any CPU.Build.0 = Debug|Any CPU
		{D231E10A-B28D-0065-C955-59392481CA66}.Release|Any CPU.ActiveCfg = Release|Any CPU
		{D231E10A-B28D-0065-C955-59392481CA66}.Release|Any CPU.Build.0 = Release|Any CPU
	EndGlobalSection
	GlobalSection(SolutionProperties) = preSolution
		HideSolutionNode = FALSE
	EndGlobalSection
EndGlobal
